
Microsoft Visual Studio Solution File, Format Version 12.00
# Visual Studio Version 17
VisualStudioVersion = 17.14.36202.13 d17.14
MinimumVisualStudioVersion = 10.0.40219.1
Project("{2150E333-8FDC-42A3-9474-1A3956D46DE8}") = "1.InterfazUI", "1.InterfazUI", "{02EA681E-C7D8-13C7-8484-4AC65E1B71E8}"
EndProject
Project("{2150E333-8FDC-42A3-9474-1A3956D46DE8}") = "2.Aplicacion", "2.Aplicacion", "{77158858-786B-43AE-921A-89DAABA2FC41}"
EndProject
Project("{2150E333-8FDC-42A3-9474-1A3956D46DE8}") = "3.Dominio", "3.Dominio", "{8AC0A56A-43F1-4871-B6AE-2D11EC6F3009}"
EndProject
Project("{2150E333-8FDC-42A3-9474-1A3956D46DE8}") = "4.Infraestrutura", "4.Infraestrutura", "{EB0499D7-5539-4210-82A7-84EFB3436D0C}"
EndProject
Project("{FAE04EC0-301F-11D3-BF4B-00C04F79EFBC}") = "DulceFacil.UI.API", "DulceFacil.UI.API\DulceFacil.UI.API.csproj", "{B5247878-12EA-4276-BCCA-0F35F513BEDA}"
EndProject
Project("{FAE04EC0-301F-11D3-BF4B-00C04F79EFBC}") = "DulceFacil.Aplicacion", "DulceFacil.Aplicacion\DulceFacil.Aplicacion.csproj", "{0DAABFCF-2AE0-455C-8AC2-75DCB625A168}"
EndProject
Project("{FAE04EC0-301F-11D3-BF4B-00C04F79EFBC}") = "DulceFacil.Aplicacion.DTO", "DulceFacil.Aplicacion.DTO\DulceFacil.Aplicacion.DTO.csproj", "{CDCABB1D-0D47-4789-AB55-505CFD38E3A9}"
EndProject
Project("{FAE04EC0-301F-11D3-BF4B-00C04F79EFBC}") = "DulceFacil.Dominio.Modelo", "DulceFacil.Dominio.Modelo\DulceFacil.Dominio.Modelo.csproj", "{C26DC4EA-17E9-4C7E-AE97-73BADE2583ED}"
EndProject
Project("{FAE04EC0-301F-11D3-BF4B-00C04F79EFBC}") = "DulceFacil.Dominio.Servicio", "DulceFacil.Dominio.Servicio\DulceFacil.Dominio.Servicio.csproj", "{75067F93-3B74-4392-A627-7276994AC3BF}"
EndProject
Project("{FAE04EC0-301F-11D3-BF4B-00C04F79EFBC}") = "DulceFacil.Infraestructura.CrossCuting", "DulceFacil.Infraestructura.CrossCuting\DulceFacil.Infraestructura.CrossCuting.csproj", "{9408382F-E6B9-4154-9B48-C52AD3A09E66}"
EndProject
Project("{FAE04EC0-301F-11D3-BF4B-00C04F79EFBC}") = "DulceFacil.Infraestructura.AccesoDatos", "DulceFacil.Infraestructura.AccesoDatos\DulceFacil.Infraestructura.AccesoDatos.csproj", "{E15B6F71-B859-4E09-ADED-4E17A6E453DA}"
EndProject
Project("{FAE04EC0-301F-11D3-BF4B-00C04F79EFBC}") = "DulceFacil.Infraestructura.ServicioEmail", "DulceFacil.Infraestructura.ServicioEmail\DulceFacil.Infraestructura.ServicioEmail.csproj", "{59A6460E-51F2-4D28-BF12-131A1110A5B9}"
EndProject
Project("{FAE04EC0-301F-11D3-BF4B-00C04F79EFBC}") = "DulceFacil.Infraestructura.ServiciosExternos", "DulceFacil.Infraestructura.ServiciosExternos\DulceFacil.Infraestructura.ServiciosExternos.csproj", "{829EA2AD-0A7A-4037-A097-9B511819406C}"
EndProject
Global
	GlobalSection(SolutionConfigurationPlatforms) = preSolution
		Debug|Any CPU = Debug|Any CPU
		Release|Any CPU = Release|Any CPU
	EndGlobalSection
	GlobalSection(ProjectConfigurationPlatforms) = postSolution
		{B5247878-12EA-4276-BCCA-0F35F513BEDA}.Debug|Any CPU.ActiveCfg = Debug|Any CPU
		{B5247878-12EA-4276-BCCA-0F35F513BEDA}.Debug|Any CPU.Build.0 = Debug|Any CPU
		{B5247878-12EA-4276-BCCA-0F35F513BEDA}.Release|Any CPU.ActiveCfg = Release|Any CPU
		{B5247878-12EA-4276-BCCA-0F35F513BEDA}.Release|Any CPU.Build.0 = Release|Any CPU
		{0DAABFCF-2AE0-455C-8AC2-75DCB625A168}.Debug|Any CPU.ActiveCfg = Debug|Any CPU
		{0DAABFCF-2AE0-455C-8AC2-75DCB625A168}.Debug|Any CPU.Build.0 = Debug|Any CPU
		{0DAABFCF-2AE0-455C-8AC2-75DCB625A168}.Release|Any CPU.ActiveCfg = Release|Any CPU
		{0DAABFCF-2AE0-455C-8AC2-75DCB625A168}.Release|Any CPU.Build.0 = Release|Any CPU
		{CDCABB1D-0D47-4789-AB55-505CFD38E3A9}.Debug|Any CPU.ActiveCfg = Debug|Any CPU
		{CDCABB1D-0D47-4789-AB55-505CFD38E3A9}.Debug|Any CPU.Build.0 = Debug|Any CPU
		{CDCABB1D-0D47-4789-AB55-505CFD38E3A9}.Release|Any CPU.ActiveCfg = Release|Any CPU
		{CDCABB1D-0D47-4789-AB55-505CFD38E3A9}.Release|Any CPU.Build.0 = Release|Any CPU
		{C26DC4EA-17E9-4C7E-AE97-73BADE2583ED}.Debug|Any CPU.ActiveCfg = Debug|Any CPU
		{C26DC4EA-17E9-4C7E-AE97-73BADE2583ED}.Debug|Any CPU.Build.0 = Debug|Any CPU
		{C26DC4EA-17E9-4C7E-AE97-73BADE2583ED}.Release|Any CPU.ActiveCfg = Release|Any CPU
		{C26DC4EA-17E9-4C7E-AE97-73BADE2583ED}.Release|Any CPU.Build.0 = Release|Any CPU
		{75067F93-3B74-4392-A627-7276994AC3BF}.Debug|Any CPU.ActiveCfg = Debug|Any CPU
		{75067F93-3B74-4392-A627-7276994AC3BF}.Debug|Any CPU.Build.0 = Debug|Any CPU
		{75067F93-3B74-4392-A627-7276994AC3BF}.Release|Any CPU.ActiveCfg = Release|Any CPU
		{75067F93-3B74-4392-A627-7276994AC3BF}.Release|Any CPU.Build.0 = Release|Any CPU
		{9408382F-E6B9-4154-9B48-C52AD3A09E66}.Debug|Any CPU.ActiveCfg = Debug|Any CPU
		{9408382F-E6B9-4154-9B48-C52AD3A09E66}.Debug|Any CPU.Build.0 = Debug|Any CPU
		{9408382F-E6B9-4154-9B48-C52AD3A09E66}.Release|Any CPU.ActiveCfg = Release|Any CPU
		{9408382F-E6B9-4154-9B48-C52AD3A09E66}.Release|Any CPU.Build.0 = Release|Any CPU
		{E15B6F71-B859-4E09-ADED-4E17A6E453DA}.Debug|Any CPU.ActiveCfg = Debug|Any CPU
		{E15B6F71-B859-4E09-ADED-4E17A6E453DA}.Debug|Any CPU.Build.0 = Debug|Any CPU
		{E15B6F71-B859-4E09-ADED-4E17A6E453DA}.Release|Any CPU.ActiveCfg = Release|Any CPU
		{E15B6F71-B859-4E09-ADED-4E17A6E453DA}.Release|Any CPU.Build.0 = Release|Any CPU
		{59A6460E-51F2-4D28-BF12-131A1110A5B9}.Debug|Any CPU.ActiveCfg = Debug|Any CPU
		{59A6460E-51F2-4D28-BF12-131A1110A5B9}.Debug|Any CPU.Build.0 = Debug|Any CPU
		{59A6460E-51F2-4D28-BF12-131A1110A5B9}.Release|Any CPU.ActiveCfg = Release|Any CPU
		{59A6460E-51F2-4D28-BF12-131A1110A5B9}.Release|Any CPU.Build.0 = Release|Any CPU
		{829EA2AD-0A7A-4037-A097-9B511819406C}.Debug|Any CPU.ActiveCfg = Debug|Any CPU
		{829EA2AD-0A7A-4037-A097-9B511819406C}.Debug|Any CPU.Build.0 = Debug|Any CPU
		{829EA2AD-0A7A-4037-A097-9B511819406C}.Release|Any CPU.ActiveCfg = Release|Any CPU
		{829EA2AD-0A7A-4037-A097-9B511819406C}.Release|Any CPU.Build.0 = Release|Any CPU
	EndGlobalSection
	GlobalSection(SolutionProperties) = preSolution
		HideSolutionNode = FALSE
	EndGlobalSection
	GlobalSection(NestedProjects) = preSolution
		{B5247878-12EA-4276-BCCA-0F35F513BEDA} = {02EA681E-C7D8-13C7-8484-4AC65E1B71E8}
		{0DAABFCF-2AE0-455C-8AC2-75DCB625A168} = {77158858-786B-43AE-921A-89DAABA2FC41}
		{CDCABB1D-0D47-4789-AB55-505CFD38E3A9} = {77158858-786B-43AE-921A-89DAABA2FC41}
		{C26DC4EA-17E9-4C7E-AE97-73BADE2583ED} = {8AC0A56A-43F1-4871-B6AE-2D11EC6F3009}
		{75067F93-3B74-4392-A627-7276994AC3BF} = {8AC0A56A-43F1-4871-B6AE-2D11EC6F3009}
		{9408382F-E6B9-4154-9B48-C52AD3A09E66} = {EB0499D7-5539-4210-82A7-84EFB3436D0C}
		{E15B6F71-B859-4E09-ADED-4E17A6E453DA} = {EB0499D7-5539-4210-82A7-84EFB3436D0C}
		{59A6460E-51F2-4D28-BF12-131A1110A5B9} = {EB0499D7-5539-4210-82A7-84EFB3436D0C}
		{829EA2AD-0A7A-4037-A097-9B511819406C} = {EB0499D7-5539-4210-82A7-84EFB3436D0C}
	EndGlobalSection
	GlobalSection(ExtensibilityGlobals) = postSolution
		SolutionGuid = {84090EFE-ED32-4177-B1E9-446058B4FE2E}
	EndGlobalSection
EndGlobal
